
Microsoft Visual Studio Solution File, Format Version 12.00
# Visual Studio Version 17
VisualStudioVersion = 17.5.33516.290
MinimumVisualStudioVersion = 10.0.40219.1
Project("{FAE04EC0-301F-11D3-BF4B-00C04F79EFBC}") = "UnitTesting", "UnitTesting\UnitTesting.csproj", "{7C86780B-8E08-4FF3-867A-592DAB3D1C66}"
EndProject
Project("{FAE04EC0-301F-11D3-BF4B-00C04F79EFBC}") = "MathUnitTest", "NUnit\MathUnitTest.csproj", "{64353E7A-BE60-4F3C-B609-6A1AABCF866A}"
EndProject
Project("{FAE04EC0-301F-11D3-BF4B-00C04F79EFBC}") = "Calculator", "Calculator\Calculator.csproj", "{D7E49982-0595-40D1-95A8-36DDD29E7538}"
EndProject
Global
	GlobalSection(SolutionConfigurationPlatforms) = preSolution
		Debug|Any CPU = Debug|Any CPU
		Release|Any CPU = Release|Any CPU
	EndGlobalSection
	GlobalSection(ProjectConfigurationPlatforms) = postSolution
		{7C86780B-8E08-4FF3-867A-592DAB3D1C66}.Debug|Any CPU.ActiveCfg = Debug|Any CPU
		{7C86780B-8E08-4FF3-867A-592DAB3D1C66}.Debug|Any CPU.Build.0 = Debug|Any CPU
		{7C86780B-8E08-4FF3-867A-592DAB3D1C66}.Release|Any CPU.ActiveCfg = Release|Any CPU
		{7C86780B-8E08-4FF3-867A-592DAB3D1C66}.Release|Any CPU.Build.0 = Release|Any CPU
		{64353E7A-BE60-4F3C-B609-6A1AABCF866A}.Debug|Any CPU.ActiveCfg = Debug|Any CPU
		{64353E7A-BE60-4F3C-B609-6A1AABCF866A}.Debug|Any CPU.Build.0 = Debug|Any CPU
		{64353E7A-BE60-4F3C-B609-6A1AABCF866A}.Release|Any CPU.ActiveCfg = Release|Any CPU
		{64353E7A-BE60-4F3C-B609-6A1AABCF866A}.Release|Any CPU.Build.0 = Release|Any CPU
		{D7E49982-0595-40D1-95A8-36DDD29E7538}.Debug|Any CPU.ActiveCfg = Debug|Any CPU
		{D7E49982-0595-40D1-95A8-36DDD29E7538}.Debug|Any CPU.Build.0 = Debug|Any CPU
		{D7E49982-0595-40D1-95A8-36DDD29E7538}.Release|Any CPU.ActiveCfg = Release|Any CPU
		{D7E49982-0595-40D1-95A8-36DDD29E7538}.Release|Any CPU.Build.0 = Release|Any CPU
	EndGlobalSection
	GlobalSection(SolutionProperties) = preSolution
		HideSolutionNode = FALSE
	EndGlobalSection
	GlobalSection(ExtensibilityGlobals) = postSolution
		SolutionGuid = {B5DA7436-C69D-4F8A-A00E-969B0FE4BB26}
	EndGlobalSection
EndGlobal
